
Microsoft Visual Studio Solution File, Format Version 12.00
# Visual Studio Version 17
VisualStudioVersion = 17.8.34511.84
MinimumVisualStudioVersion = 10.0.40219.1
Project("{FAE04EC0-301F-11D3-BF4B-00C04F79EFBC}") = "BlazorDockerTest", "BlazorDockerTest.csproj", "{EB6D50BD-5CC1-4D75-A82A-8E79272816EC}"
EndProject
Global
	GlobalSection(SolutionConfigurationPlatforms) = preSolution
		Debug|Any CPU = Debug|Any CPU
		Release|Any CPU = Release|Any CPU
	EndGlobalSection
	GlobalSection(ProjectConfigurationPlatforms) = postSolution
		{EB6D50BD-5CC1-4D75-A82A-8E79272816EC}.Debug|Any CPU.ActiveCfg = Debug|Any CPU
		{EB6D50BD-5CC1-4D75-A82A-8E79272816EC}.Debug|Any CPU.Build.0 = Debug|Any CPU
		{EB6D50BD-5CC1-4D75-A82A-8E79272816EC}.Release|Any CPU.ActiveCfg = Release|Any CPU
		{EB6D50BD-5CC1-4D75-A82A-8E79272816EC}.Release|Any CPU.Build.0 = Release|Any CPU
	EndGlobalSection
	GlobalSection(SolutionProperties) = preSolution
		HideSolutionNode = FALSE
	EndGlobalSection
	GlobalSection(ExtensibilityGlobals) = postSolution
		SolutionGuid = {B573F97F-C617-42D2-9061-C5CCBB220843}
	EndGlobalSection
EndGlobal
